
Microsoft Visual Studio Solution File, Format Version 12.00
# Visual Studio Version 16
VisualStudioVersion = 16.0.30611.23
MinimumVisualStudioVersion = 10.0.40219.1
Project("{FAE04EC0-301F-11D3-BF4B-00C04F79EFBC}") = "Doom3D", "Doom3D\Doom3D.csproj", "{50860BFA-FE59-4216-BBF5-DD490AC3221B}"
EndProject
Global
	GlobalSection(SolutionConfigurationPlatforms) = preSolution
		Debug|Any CPU = Debug|Any CPU
		Release|Any CPU = Release|Any CPU
	EndGlobalSection
	GlobalSection(ProjectConfigurationPlatforms) = postSolution
		{50860BFA-FE59-4216-BBF5-DD490AC3221B}.Debug|Any CPU.ActiveCfg = Debug|Any CPU
		{50860BFA-FE59-4216-BBF5-DD490AC3221B}.Debug|Any CPU.Build.0 = Debug|Any CPU
		{50860BFA-FE59-4216-BBF5-DD490AC3221B}.Release|Any CPU.ActiveCfg = Release|Any CPU
		{50860BFA-FE59-4216-BBF5-DD490AC3221B}.Release|Any CPU.Build.0 = Release|Any CPU
	EndGlobalSection
	GlobalSection(SolutionProperties) = preSolution
		HideSolutionNode = FALSE
	EndGlobalSection
	GlobalSection(ExtensibilityGlobals) = postSolution
		SolutionGuid = {7799CB1C-87C9-4253-91A8-E44BE87CE3B2}
	EndGlobalSection
EndGlobal
